<?xml version="1.0" encoding="utf-8"?>
<Project ToolsVersion="4.0" xmlns="http://schemas.microsoft.com/developer/msbuild/2003">
  <ItemGroup>
    <Filter Include="Game">
      <UniqueIdentifier>{9811a221-135e-4619-8e98-4409365717f8}</UniqueIdentifier>
    </Filter>
    <Filter Include="Main">
      <UniqueIdentifier>{b13ac6c3-4dbd-4424-b908-bbc3edbfdb21}</UniqueIdentifier>
    </Filter>
    <Filter Include="Shader">
      <UniqueIdentifier>{14552823-b0f5-4c67-912d-197a95498e78}</UniqueIdentifier>
    </Filter>
    <Filter Include="Main\Camera">
      <UniqueIdentifier>{620161d6-b03b-4cbb-aaab-5b260358d7c9}</UniqueIdentifier>
    </Filter>
  </ItemGroup>
  <ItemGroup>
    <ClCompile Include="pch.cpp">
      <Filter>Main</Filter>
    </ClCompile>
    <ClCompile Include="Main.cpp">
      <Filter>Main</Filter>
    </ClCompile>
    <ClCompile Include="TriangleDemo.cpp">
      <Filter>Game</Filter>
    </ClCompile>
    <ClCompile Include="QuadDemo.cpp">
      <Filter>Game</Filter>
    </ClCompile>
    <ClCompile Include="ConstBufferDemo.cpp">
      <Filter>Game</Filter>
    </ClCompile>
    <ClCompile Include="CameraDemo.cpp">
      <Filter>Game</Filter>
    </ClCompile>
    <ClCompile Include="CameraScript.cpp">
      <Filter>Main\Camera</Filter>
    </ClCompile>
  </ItemGroup>
  <ItemGroup>
    <ClInclude Include="pch.h">
      <Filter>Main</Filter>
    </ClInclude>
    <ClInclude Include="Main.h">
      <Filter>Main</Filter>
    </ClInclude>
    <ClInclude Include="TriangleDemo.h">
      <Filter>Game</Filter>
    </ClInclude>
    <ClInclude Include="QuadDemo.h">
      <Filter>Game</Filter>
    </ClInclude>
    <ClInclude Include="ConstBufferDemo.h">
      <Filter>Game</Filter>
    </ClInclude>
    <ClInclude Include="CameraDemo.h">
      <Filter>Game</Filter>
    </ClInclude>
    <ClInclude Include="CameraScript.h">
      <Filter>Main\Camera</Filter>
    </ClInclude>
  </ItemGroup>
  <ItemGroup>
    <FxCompile Include="..\Shaders\Triangle.fx">
      <Filter>Shader</Filter>
    </FxCompile>
    <FxCompile Include="..\Shaders\Quad.fx">
      <Filter>Shader</Filter>
    </FxCompile>
    <FxCompile Include="..\Shaders\ConstBuffer.fx">
      <Filter>Shader</Filter>
    </FxCompile>
    <FxCompile Include="..\Shaders\World.fx">
      <Filter>Shader</Filter>
    </FxCompile>
  </ItemGroup>
</Project>